
Microsoft Visual Studio Solution File, Format Version 12.00
# Visual Studio 2012
Project("{FAE04EC0-301F-11D3-BF4B-00C04F79EFBC}") = "GraviRayTraceSharp", "GraviRayTraceSharp\GraviRayTraceSharp.csproj", "{80AB6D4A-977C-4F8B-B037-A8EF760C1B32}"
EndProject
Global
	GlobalSection(SolutionConfigurationPlatforms) = preSolution
		Debug|Any CPU = Debug|Any CPU
		Release|Any CPU = Release|Any CPU
	EndGlobalSection
	GlobalSection(ProjectConfigurationPlatforms) = postSolution
		{80AB6D4A-977C-4F8B-B037-A8EF760C1B32}.Debug|Any CPU.ActiveCfg = Debug|Any CPU
		{80AB6D4A-977C-4F8B-B037-A8EF760C1B32}.Debug|Any CPU.Build.0 = Debug|Any CPU
		{80AB6D4A-977C-4F8B-B037-A8EF760C1B32}.Release|Any CPU.ActiveCfg = Release|Any CPU
		{80AB6D4A-977C-4F8B-B037-A8EF760C1B32}.Release|Any CPU.Build.0 = Release|Any CPU
	EndGlobalSection
	GlobalSection(SolutionProperties) = preSolution
		HideSolutionNode = FALSE
	EndGlobalSection
EndGlobal
